
Microsoft Visual Studio Solution File, Format Version 12.00
# Visual Studio Version 16
VisualStudioVersion = 16.0.28803.156
MinimumVisualStudioVersion = 10.0.40219.1
Project("{2150E333-8FDC-42A3-9474-1A3956D46DE8}") = "Clients.Console", "Clients.Console", "{FF94A7D7-4192-4A7A-8D77-7B85D2CC765A}"
EndProject
Project("{2150E333-8FDC-42A3-9474-1A3956D46DE8}") = "Server.Contract", "Server.Contract", "{6C548EA9-229E-414E-A41A-231A5BC1BCE6}"
EndProject
Project("{2150E333-8FDC-42A3-9474-1A3956D46DE8}") = "Server.Implementation", "Server.Implementation", "{B7746B25-5956-4288-B508-76C45FC96C78}"
EndProject
Project("{2150E333-8FDC-42A3-9474-1A3956D46DE8}") = "A.Endpoints", "A.Endpoints", "{B830E7AB-09C8-4B0B-8723-C2BE5A23FBB6}"
EndProject
Project("{2150E333-8FDC-42A3-9474-1A3956D46DE8}") = "B.DataAccess", "B.DataAccess", "{7F515490-83FC-4BAB-A49A-BEA564D7EAE6}"
EndProject
Project("{2150E333-8FDC-42A3-9474-1A3956D46DE8}") = "C.BusinessLogic", "C.BusinessLogic", "{C343A1E1-5979-4E41-B047-186812CF9009}"
EndProject
Global
	GlobalSection(SolutionProperties) = preSolution
		HideSolutionNode = FALSE
	EndGlobalSection
	GlobalSection(NestedProjects) = preSolution
		{B830E7AB-09C8-4B0B-8723-C2BE5A23FBB6} = {B7746B25-5956-4288-B508-76C45FC96C78}
		{7F515490-83FC-4BAB-A49A-BEA564D7EAE6} = {B7746B25-5956-4288-B508-76C45FC96C78}
		{C343A1E1-5979-4E41-B047-186812CF9009} = {B7746B25-5956-4288-B508-76C45FC96C78}
	EndGlobalSection
	GlobalSection(ExtensibilityGlobals) = postSolution
		SolutionGuid = {CAEFD789-9946-4047-AA91-57A78ED27CCA}
	EndGlobalSection
EndGlobal
