
Microsoft Visual Studio Solution File, Format Version 12.00
# Visual Studio 2013
VisualStudioVersion = 12.0.21005.1
MinimumVisualStudioVersion = 10.0.40219.1
Project("{2150E333-8FDC-42A3-9474-1A3956D46DE8}") = "Solution Items", "Solution Items", "{002BBBBE-42B2-4618-B560-509798888BE6}"
	ProjectSection(SolutionItems) = preProject
		AssemblyInfo.solution.cs = AssemblyInfo.solution.cs
		Local.Testsettings = Local.Testsettings
	EndProjectSection
EndProject
Project("{FAE04EC0-301F-11D3-BF4B-00C04F79EFBC}") = "03.MessageProcessor.Tests", "MessageProcessor.Tests\03.MessageProcessor.Tests.csproj", "{DDE1CA85-7907-4C67-91DF-1AD824A44133}"
EndProject
Project("{FAE04EC0-301F-11D3-BF4B-00C04F79EFBC}") = "04.MessageProcessor", "MessageProcessor\04.MessageProcessor.csproj", "{AC14A5EC-BAC2-44CF-B1AC-3942B25D92FD}"
EndProject
Project("{FAE04EC0-301F-11D3-BF4B-00C04F79EFBC}") = "01.MessageProcessor.Unity.Tests", "MessageProcessor.Unity.Tests\01.MessageProcessor.Unity.Tests.csproj", "{1D19D39A-15C6-4FDE-90C5-93188F2FC644}"
EndProject
Project("{FAE04EC0-301F-11D3-BF4B-00C04F79EFBC}") = "02.MessageProcessor.Unity", "MessageProcessor.Unity\02.MessageProcessor.Unity.csproj", "{77F45326-E908-47EB-B924-A3BD26CAD6B0}"
EndProject
Project("{FAE04EC0-301F-11D3-BF4B-00C04F79EFBC}") = "01.MessageProcessor.TestEngine.Tests", "MessageProcessor.TestEngine.Tests\01.MessageProcessor.TestEngine.Tests.csproj", "{4FE972F0-2046-4039-9461-45D0B7E6229F}"
EndProject
Project("{FAE04EC0-301F-11D3-BF4B-00C04F79EFBC}") = "02.MessageProcessor.TestEngine", "MessageProcessor.TestEngine\02.MessageProcessor.TestEngine.csproj", "{FA31C09F-6319-484B-96EC-88BF3C3FDB81}"
EndProject
Project("{2150E333-8FDC-42A3-9474-1A3956D46DE8}") = "A.MessageProcessor", "A.MessageProcessor", "{72205C90-C23B-4086-8580-050201371032}"
EndProject
Project("{2150E333-8FDC-42A3-9474-1A3956D46DE8}") = "B.MessageProcessor.Containers", "B.MessageProcessor.Containers", "{4B713399-4B91-4E00-AF1F-D103268F40DA}"
EndProject
Project("{FAE04EC0-301F-11D3-BF4B-00C04F79EFBC}") = "06.MessageProcessor.UnitOfWork", "MessageProcessor.Core\06.MessageProcessor.UnitOfWork.csproj", "{757D77D3-7B32-4F21-9617-88274D50B517}"
EndProject
Project("{FAE04EC0-301F-11D3-BF4B-00C04F79EFBC}") = "05.MessageProcessor.UnitOfWork.Tests", "MessageProcessor.Core.Tests\05.MessageProcessor.UnitOfWork.Tests.csproj", "{303380DB-4167-4BB0-8B78-63C959B65C4B}"
EndProject
Global
	GlobalSection(SolutionConfigurationPlatforms) = preSolution
		Debug|Any CPU = Debug|Any CPU
		Release|Any CPU = Release|Any CPU
	EndGlobalSection
	GlobalSection(ProjectConfigurationPlatforms) = postSolution
		{DDE1CA85-7907-4C67-91DF-1AD824A44133}.Debug|Any CPU.ActiveCfg = Debug|Any CPU
		{DDE1CA85-7907-4C67-91DF-1AD824A44133}.Debug|Any CPU.Build.0 = Debug|Any CPU
		{DDE1CA85-7907-4C67-91DF-1AD824A44133}.Release|Any CPU.ActiveCfg = Release|Any CPU
		{DDE1CA85-7907-4C67-91DF-1AD824A44133}.Release|Any CPU.Build.0 = Release|Any CPU
		{AC14A5EC-BAC2-44CF-B1AC-3942B25D92FD}.Debug|Any CPU.ActiveCfg = Debug|Any CPU
		{AC14A5EC-BAC2-44CF-B1AC-3942B25D92FD}.Debug|Any CPU.Build.0 = Debug|Any CPU
		{AC14A5EC-BAC2-44CF-B1AC-3942B25D92FD}.Release|Any CPU.ActiveCfg = Release|Any CPU
		{AC14A5EC-BAC2-44CF-B1AC-3942B25D92FD}.Release|Any CPU.Build.0 = Release|Any CPU
		{1D19D39A-15C6-4FDE-90C5-93188F2FC644}.Debug|Any CPU.ActiveCfg = Debug|Any CPU
		{1D19D39A-15C6-4FDE-90C5-93188F2FC644}.Debug|Any CPU.Build.0 = Debug|Any CPU
		{1D19D39A-15C6-4FDE-90C5-93188F2FC644}.Release|Any CPU.ActiveCfg = Release|Any CPU
		{1D19D39A-15C6-4FDE-90C5-93188F2FC644}.Release|Any CPU.Build.0 = Release|Any CPU
		{77F45326-E908-47EB-B924-A3BD26CAD6B0}.Debug|Any CPU.ActiveCfg = Debug|Any CPU
		{77F45326-E908-47EB-B924-A3BD26CAD6B0}.Debug|Any CPU.Build.0 = Debug|Any CPU
		{77F45326-E908-47EB-B924-A3BD26CAD6B0}.Release|Any CPU.ActiveCfg = Release|Any CPU
		{77F45326-E908-47EB-B924-A3BD26CAD6B0}.Release|Any CPU.Build.0 = Release|Any CPU
		{4FE972F0-2046-4039-9461-45D0B7E6229F}.Debug|Any CPU.ActiveCfg = Debug|Any CPU
		{4FE972F0-2046-4039-9461-45D0B7E6229F}.Debug|Any CPU.Build.0 = Debug|Any CPU
		{4FE972F0-2046-4039-9461-45D0B7E6229F}.Release|Any CPU.ActiveCfg = Release|Any CPU
		{4FE972F0-2046-4039-9461-45D0B7E6229F}.Release|Any CPU.Build.0 = Release|Any CPU
		{FA31C09F-6319-484B-96EC-88BF3C3FDB81}.Debug|Any CPU.ActiveCfg = Debug|Any CPU
		{FA31C09F-6319-484B-96EC-88BF3C3FDB81}.Debug|Any CPU.Build.0 = Debug|Any CPU
		{FA31C09F-6319-484B-96EC-88BF3C3FDB81}.Release|Any CPU.ActiveCfg = Release|Any CPU
		{FA31C09F-6319-484B-96EC-88BF3C3FDB81}.Release|Any CPU.Build.0 = Release|Any CPU
		{757D77D3-7B32-4F21-9617-88274D50B517}.Debug|Any CPU.ActiveCfg = Debug|Any CPU
		{757D77D3-7B32-4F21-9617-88274D50B517}.Debug|Any CPU.Build.0 = Debug|Any CPU
		{757D77D3-7B32-4F21-9617-88274D50B517}.Release|Any CPU.ActiveCfg = Release|Any CPU
		{757D77D3-7B32-4F21-9617-88274D50B517}.Release|Any CPU.Build.0 = Release|Any CPU
		{303380DB-4167-4BB0-8B78-63C959B65C4B}.Debug|Any CPU.ActiveCfg = Debug|Any CPU
		{303380DB-4167-4BB0-8B78-63C959B65C4B}.Debug|Any CPU.Build.0 = Debug|Any CPU
		{303380DB-4167-4BB0-8B78-63C959B65C4B}.Release|Any CPU.ActiveCfg = Release|Any CPU
		{303380DB-4167-4BB0-8B78-63C959B65C4B}.Release|Any CPU.Build.0 = Release|Any CPU
	EndGlobalSection
	GlobalSection(SolutionProperties) = preSolution
		HideSolutionNode = FALSE
	EndGlobalSection
	GlobalSection(NestedProjects) = preSolution
		{AC14A5EC-BAC2-44CF-B1AC-3942B25D92FD} = {72205C90-C23B-4086-8580-050201371032}
		{4FE972F0-2046-4039-9461-45D0B7E6229F} = {72205C90-C23B-4086-8580-050201371032}
		{FA31C09F-6319-484B-96EC-88BF3C3FDB81} = {72205C90-C23B-4086-8580-050201371032}
		{DDE1CA85-7907-4C67-91DF-1AD824A44133} = {72205C90-C23B-4086-8580-050201371032}
		{757D77D3-7B32-4F21-9617-88274D50B517} = {72205C90-C23B-4086-8580-050201371032}
		{303380DB-4167-4BB0-8B78-63C959B65C4B} = {72205C90-C23B-4086-8580-050201371032}
		{77F45326-E908-47EB-B924-A3BD26CAD6B0} = {4B713399-4B91-4E00-AF1F-D103268F40DA}
		{1D19D39A-15C6-4FDE-90C5-93188F2FC644} = {4B713399-4B91-4E00-AF1F-D103268F40DA}
	EndGlobalSection
	GlobalSection(ExtensibilityGlobals) = postSolution
		EnterpriseLibraryConfigurationToolBinariesPath = packages\Unity.2.1.505.2\lib\NET35
	EndGlobalSection
	GlobalSection(TestsCaseManagementSettings) = postSolution
		CategoryFile = YellowFlare.Cqrs.vsmdi
	EndGlobalSection
EndGlobal
