
Microsoft Visual Studio Solution File, Format Version 12.00
# Visual Studio Version 16
VisualStudioVersion = 16.0.29001.49
MinimumVisualStudioVersion = 10.0.40219.1
Project("{2150E333-8FDC-42A3-9474-1A3956D46DE8}") = "Server.Contract", "Server.Contract", "{713F64C5-E8AA-4BCD-9D8F-70796A924B89}"
EndProject
Project("{2150E333-8FDC-42A3-9474-1A3956D46DE8}") = "Server.Implementation", "Server.Implementation", "{4483A92C-3922-499B-A89C-7BB66CC8A2A9}"
EndProject
Project("{2150E333-8FDC-42A3-9474-1A3956D46DE8}") = "Clients", "Clients", "{E8A8BAE7-FF10-421B-B0B6-44E019DE287F}"
EndProject
Project("{2150E333-8FDC-42A3-9474-1A3956D46DE8}") = "Controllers", "Controllers", "{BAEB9B9C-628B-489F-AABC-2513D6A79C7E}"
EndProject
Project("{2150E333-8FDC-42A3-9474-1A3956D46DE8}") = "DataAccess", "DataAccess", "{59C6B877-EF24-42EC-866D-F411F799F076}"
EndProject
Project("{2150E333-8FDC-42A3-9474-1A3956D46DE8}") = "Logic", "Logic", "{4C12990E-A38D-4BE6-95FB-CD3A5482A043}"
EndProject
Project("{9A19103F-16F7-4668-BE54-9A1E7A4F7556}") = "B.Contract", "Contract\B.Contract.csproj", "{61E2FEE8-0347-4B48-A8B7-085196ADDD4C}"
EndProject
Project("{9A19103F-16F7-4668-BE54-9A1E7A4F7556}") = "A.Contract.Tests", "Contract.Tests\A.Contract.Tests.csproj", "{3E8CAFBB-D7BF-4ED5-B0FA-99463355770C}"
EndProject
Project("{9A19103F-16F7-4668-BE54-9A1E7A4F7556}") = "B.Implementation", "Implementation\B.Implementation.csproj", "{77133E34-B4E7-44B5-AA0F-9CB9391B8DD1}"
EndProject
Project("{9A19103F-16F7-4668-BE54-9A1E7A4F7556}") = "A.Implementation.Tests", "Implementation.Tests\A.Implementation.Tests.csproj", "{9DBD5CBE-CE06-4AB2-9E73-0A8A2F19DB92}"
EndProject
Project("{9A19103F-16F7-4668-BE54-9A1E7A4F7556}") = "C.Logic.Domain", "Implementation.Logic.Domain\C.Logic.Domain.csproj", "{AB852789-7898-4E2B-9B88-733A14513042}"
EndProject
Project("{9A19103F-16F7-4668-BE54-9A1E7A4F7556}") = "B.Logic.Application", "Implementation.Logic.Application\B.Logic.Application.csproj", "{809D65BA-785D-41E4-9542-827BC8EEE7D7}"
EndProject
Project("{9A19103F-16F7-4668-BE54-9A1E7A4F7556}") = "A.Logic.Tests", "Implementation.Logic.Tests\A.Logic.Tests.csproj", "{CB114660-6F0D-4F8D-A18F-0F82A9045ECA}"
EndProject
Project("{9A19103F-16F7-4668-BE54-9A1E7A4F7556}") = "B.DataAccess.Repositories", "Implementation.DataAccess.Repositories\B.DataAccess.Repositories.csproj", "{4F6B61C9-97B1-4771-96BB-35AA1DEAF62C}"
EndProject
Project("{9A19103F-16F7-4668-BE54-9A1E7A4F7556}") = "C.DataAccess.Queries", "Implementation.DataAccess.Queries\C.DataAccess.Queries.csproj", "{D1735F47-550A-4B00-8F7A-5B816187F1B0}"
EndProject
Project("{9A19103F-16F7-4668-BE54-9A1E7A4F7556}") = "A.DataAccess.Tests", "Implementation.DataAccess.Tests\A.DataAccess.Tests.csproj", "{437348BA-8232-4F4B-9D54-F94F9D1B8285}"
EndProject
Project("{2150E333-8FDC-42A3-9474-1A3956D46DE8}") = "Solution Items", "Solution Items", "{FCE6F744-FBDA-4257-87AF-F55EE51CC8C0}"
	ProjectSection(SolutionItems) = preProject
		AssemblyInfo.solution.cs = AssemblyInfo.solution.cs
	EndProjectSection
EndProject
Project("{9A19103F-16F7-4668-BE54-9A1E7A4F7556}") = "B.Controllers.Api", "Implementation.Controllers.Api\B.Controllers.Api.csproj", "{FEF07FA6-BED6-403C-9C0C-1B5FB36706DB}"
EndProject
Project("{9A19103F-16F7-4668-BE54-9A1E7A4F7556}") = "C.Controllers.ServiceBus", "Implementation.Controllers.ServiceBus\C.Controllers.ServiceBus.csproj", "{6548F476-A364-4078-8F10-A4A67C0B039C}"
EndProject
Project("{9A19103F-16F7-4668-BE54-9A1E7A4F7556}") = "A.Controllers.Tests", "Implementation.Controllers.Tests\A.Controllers.Tests.csproj", "{E405ADD1-C709-44D0-95E2-FB97D8CFA220}"
EndProject
Global
	GlobalSection(SolutionConfigurationPlatforms) = preSolution
		Debug|Any CPU = Debug|Any CPU
		Release|Any CPU = Release|Any CPU
	EndGlobalSection
	GlobalSection(ProjectConfigurationPlatforms) = postSolution
		{61E2FEE8-0347-4B48-A8B7-085196ADDD4C}.Debug|Any CPU.ActiveCfg = Debug|Any CPU
		{61E2FEE8-0347-4B48-A8B7-085196ADDD4C}.Debug|Any CPU.Build.0 = Debug|Any CPU
		{61E2FEE8-0347-4B48-A8B7-085196ADDD4C}.Release|Any CPU.ActiveCfg = Release|Any CPU
		{61E2FEE8-0347-4B48-A8B7-085196ADDD4C}.Release|Any CPU.Build.0 = Release|Any CPU
		{3E8CAFBB-D7BF-4ED5-B0FA-99463355770C}.Debug|Any CPU.ActiveCfg = Debug|Any CPU
		{3E8CAFBB-D7BF-4ED5-B0FA-99463355770C}.Debug|Any CPU.Build.0 = Debug|Any CPU
		{3E8CAFBB-D7BF-4ED5-B0FA-99463355770C}.Release|Any CPU.ActiveCfg = Release|Any CPU
		{3E8CAFBB-D7BF-4ED5-B0FA-99463355770C}.Release|Any CPU.Build.0 = Release|Any CPU
		{77133E34-B4E7-44B5-AA0F-9CB9391B8DD1}.Debug|Any CPU.ActiveCfg = Debug|Any CPU
		{77133E34-B4E7-44B5-AA0F-9CB9391B8DD1}.Debug|Any CPU.Build.0 = Debug|Any CPU
		{77133E34-B4E7-44B5-AA0F-9CB9391B8DD1}.Release|Any CPU.ActiveCfg = Release|Any CPU
		{77133E34-B4E7-44B5-AA0F-9CB9391B8DD1}.Release|Any CPU.Build.0 = Release|Any CPU
		{9DBD5CBE-CE06-4AB2-9E73-0A8A2F19DB92}.Debug|Any CPU.ActiveCfg = Debug|Any CPU
		{9DBD5CBE-CE06-4AB2-9E73-0A8A2F19DB92}.Debug|Any CPU.Build.0 = Debug|Any CPU
		{9DBD5CBE-CE06-4AB2-9E73-0A8A2F19DB92}.Release|Any CPU.ActiveCfg = Release|Any CPU
		{9DBD5CBE-CE06-4AB2-9E73-0A8A2F19DB92}.Release|Any CPU.Build.0 = Release|Any CPU
		{AB852789-7898-4E2B-9B88-733A14513042}.Debug|Any CPU.ActiveCfg = Debug|Any CPU
		{AB852789-7898-4E2B-9B88-733A14513042}.Debug|Any CPU.Build.0 = Debug|Any CPU
		{AB852789-7898-4E2B-9B88-733A14513042}.Release|Any CPU.ActiveCfg = Release|Any CPU
		{AB852789-7898-4E2B-9B88-733A14513042}.Release|Any CPU.Build.0 = Release|Any CPU
		{809D65BA-785D-41E4-9542-827BC8EEE7D7}.Debug|Any CPU.ActiveCfg = Debug|Any CPU
		{809D65BA-785D-41E4-9542-827BC8EEE7D7}.Debug|Any CPU.Build.0 = Debug|Any CPU
		{809D65BA-785D-41E4-9542-827BC8EEE7D7}.Release|Any CPU.ActiveCfg = Release|Any CPU
		{809D65BA-785D-41E4-9542-827BC8EEE7D7}.Release|Any CPU.Build.0 = Release|Any CPU
		{CB114660-6F0D-4F8D-A18F-0F82A9045ECA}.Debug|Any CPU.ActiveCfg = Debug|Any CPU
		{CB114660-6F0D-4F8D-A18F-0F82A9045ECA}.Debug|Any CPU.Build.0 = Debug|Any CPU
		{CB114660-6F0D-4F8D-A18F-0F82A9045ECA}.Release|Any CPU.ActiveCfg = Release|Any CPU
		{CB114660-6F0D-4F8D-A18F-0F82A9045ECA}.Release|Any CPU.Build.0 = Release|Any CPU
		{4F6B61C9-97B1-4771-96BB-35AA1DEAF62C}.Debug|Any CPU.ActiveCfg = Debug|Any CPU
		{4F6B61C9-97B1-4771-96BB-35AA1DEAF62C}.Debug|Any CPU.Build.0 = Debug|Any CPU
		{4F6B61C9-97B1-4771-96BB-35AA1DEAF62C}.Release|Any CPU.ActiveCfg = Release|Any CPU
		{4F6B61C9-97B1-4771-96BB-35AA1DEAF62C}.Release|Any CPU.Build.0 = Release|Any CPU
		{D1735F47-550A-4B00-8F7A-5B816187F1B0}.Debug|Any CPU.ActiveCfg = Debug|Any CPU
		{D1735F47-550A-4B00-8F7A-5B816187F1B0}.Debug|Any CPU.Build.0 = Debug|Any CPU
		{D1735F47-550A-4B00-8F7A-5B816187F1B0}.Release|Any CPU.ActiveCfg = Release|Any CPU
		{D1735F47-550A-4B00-8F7A-5B816187F1B0}.Release|Any CPU.Build.0 = Release|Any CPU
		{437348BA-8232-4F4B-9D54-F94F9D1B8285}.Debug|Any CPU.ActiveCfg = Debug|Any CPU
		{437348BA-8232-4F4B-9D54-F94F9D1B8285}.Debug|Any CPU.Build.0 = Debug|Any CPU
		{437348BA-8232-4F4B-9D54-F94F9D1B8285}.Release|Any CPU.ActiveCfg = Release|Any CPU
		{437348BA-8232-4F4B-9D54-F94F9D1B8285}.Release|Any CPU.Build.0 = Release|Any CPU
		{FEF07FA6-BED6-403C-9C0C-1B5FB36706DB}.Debug|Any CPU.ActiveCfg = Debug|Any CPU
		{FEF07FA6-BED6-403C-9C0C-1B5FB36706DB}.Debug|Any CPU.Build.0 = Debug|Any CPU
		{FEF07FA6-BED6-403C-9C0C-1B5FB36706DB}.Release|Any CPU.ActiveCfg = Release|Any CPU
		{FEF07FA6-BED6-403C-9C0C-1B5FB36706DB}.Release|Any CPU.Build.0 = Release|Any CPU
		{6548F476-A364-4078-8F10-A4A67C0B039C}.Debug|Any CPU.ActiveCfg = Debug|Any CPU
		{6548F476-A364-4078-8F10-A4A67C0B039C}.Debug|Any CPU.Build.0 = Debug|Any CPU
		{6548F476-A364-4078-8F10-A4A67C0B039C}.Release|Any CPU.ActiveCfg = Release|Any CPU
		{6548F476-A364-4078-8F10-A4A67C0B039C}.Release|Any CPU.Build.0 = Release|Any CPU
		{E405ADD1-C709-44D0-95E2-FB97D8CFA220}.Debug|Any CPU.ActiveCfg = Debug|Any CPU
		{E405ADD1-C709-44D0-95E2-FB97D8CFA220}.Debug|Any CPU.Build.0 = Debug|Any CPU
		{E405ADD1-C709-44D0-95E2-FB97D8CFA220}.Release|Any CPU.ActiveCfg = Release|Any CPU
		{E405ADD1-C709-44D0-95E2-FB97D8CFA220}.Release|Any CPU.Build.0 = Release|Any CPU
	EndGlobalSection
	GlobalSection(SolutionProperties) = preSolution
		HideSolutionNode = FALSE
	EndGlobalSection
	GlobalSection(NestedProjects) = preSolution
		{BAEB9B9C-628B-489F-AABC-2513D6A79C7E} = {4483A92C-3922-499B-A89C-7BB66CC8A2A9}
		{59C6B877-EF24-42EC-866D-F411F799F076} = {4483A92C-3922-499B-A89C-7BB66CC8A2A9}
		{4C12990E-A38D-4BE6-95FB-CD3A5482A043} = {4483A92C-3922-499B-A89C-7BB66CC8A2A9}
		{61E2FEE8-0347-4B48-A8B7-085196ADDD4C} = {713F64C5-E8AA-4BCD-9D8F-70796A924B89}
		{3E8CAFBB-D7BF-4ED5-B0FA-99463355770C} = {713F64C5-E8AA-4BCD-9D8F-70796A924B89}
		{77133E34-B4E7-44B5-AA0F-9CB9391B8DD1} = {4483A92C-3922-499B-A89C-7BB66CC8A2A9}
		{9DBD5CBE-CE06-4AB2-9E73-0A8A2F19DB92} = {4483A92C-3922-499B-A89C-7BB66CC8A2A9}
		{AB852789-7898-4E2B-9B88-733A14513042} = {4C12990E-A38D-4BE6-95FB-CD3A5482A043}
		{809D65BA-785D-41E4-9542-827BC8EEE7D7} = {4C12990E-A38D-4BE6-95FB-CD3A5482A043}
		{CB114660-6F0D-4F8D-A18F-0F82A9045ECA} = {4C12990E-A38D-4BE6-95FB-CD3A5482A043}
		{4F6B61C9-97B1-4771-96BB-35AA1DEAF62C} = {59C6B877-EF24-42EC-866D-F411F799F076}
		{D1735F47-550A-4B00-8F7A-5B816187F1B0} = {59C6B877-EF24-42EC-866D-F411F799F076}
		{437348BA-8232-4F4B-9D54-F94F9D1B8285} = {59C6B877-EF24-42EC-866D-F411F799F076}
		{FEF07FA6-BED6-403C-9C0C-1B5FB36706DB} = {BAEB9B9C-628B-489F-AABC-2513D6A79C7E}
		{6548F476-A364-4078-8F10-A4A67C0B039C} = {BAEB9B9C-628B-489F-AABC-2513D6A79C7E}
		{E405ADD1-C709-44D0-95E2-FB97D8CFA220} = {BAEB9B9C-628B-489F-AABC-2513D6A79C7E}
	EndGlobalSection
	GlobalSection(ExtensibilityGlobals) = postSolution
		SolutionGuid = {0BF9C29A-D1C6-4096-9D62-B77476C91EDA}
	EndGlobalSection
EndGlobal
