
Microsoft Visual Studio Solution File, Format Version 12.00
# Visual Studio 14
VisualStudioVersion = 14.0.25420.1
MinimumVisualStudioVersion = 10.0.40219.1
Project("{2150E333-8FDC-42A3-9474-1A3956D46DE8}") = "Solution Items", "Solution Items", "{002BBBBE-42B2-4618-B560-509798888BE6}"
	ProjectSection(SolutionItems) = preProject
		AssemblyInfo.solution.cs = AssemblyInfo.solution.cs
		BuildNuGetPackage.bat = BuildNuGetPackage.bat
		Kingo.snk = Kingo.snk
	EndProjectSection
EndProject
Project("{2150E333-8FDC-42A3-9474-1A3956D46DE8}") = "Kingo.MessageProcessor", "Kingo.MessageProcessor", "{72205C90-C23B-4086-8580-050201371032}"
EndProject
Project("{FAE04EC0-301F-11D3-BF4B-00C04F79EFBC}") = "01.Kingo.TestEngine.Tests", "Kingo.TestEngine.Tests\01.Kingo.TestEngine.Tests.csproj", "{4FE972F0-2046-4039-9461-45D0B7E6229F}"
EndProject
Project("{FAE04EC0-301F-11D3-BF4B-00C04F79EFBC}") = "02.Kingo.TestEngine", "Kingo.TestEngine\02.Kingo.TestEngine.csproj", "{FA31C09F-6319-484B-96EC-88BF3C3FDB81}"
EndProject
Project("{FAE04EC0-301F-11D3-BF4B-00C04F79EFBC}") = "01.Kingo.MessageProcessor.Tests", "Kingo.MessageProcessor.Tests\01.Kingo.MessageProcessor.Tests.csproj", "{303380DB-4167-4BB0-8B78-63C959B65C4B}"
EndProject
Project("{FAE04EC0-301F-11D3-BF4B-00C04F79EFBC}") = "02.Kingo.MessageProcessor", "Kingo.MessageProcessor\02.Kingo.MessageProcessor.csproj", "{757D77D3-7B32-4F21-9617-88274D50B517}"
EndProject
Project("{2150E333-8FDC-42A3-9474-1A3956D46DE8}") = "Kingo", "Kingo", "{9A9694D3-C449-4492-B7EF-9AD0E3E8034C}"
EndProject
Project("{FAE04EC0-301F-11D3-BF4B-00C04F79EFBC}") = "01.Kingo.Tests", "Kingo.Tests\01.Kingo.Tests.csproj", "{9697EACA-8E8F-451B-AE46-CF081559E0ED}"
EndProject
Project("{FAE04EC0-301F-11D3-BF4B-00C04F79EFBC}") = "02.Kingo", "Kingo\02.Kingo.csproj", "{C2F7D41B-E748-4EC4-8AD4-0A7E25D7CDC0}"
EndProject
Project("{2150E333-8FDC-42A3-9474-1A3956D46DE8}") = ".nuget", ".nuget", "{6739EFCD-B334-47F1-88E1-44CAE51B4E46}"
EndProject
Project("{2150E333-8FDC-42A3-9474-1A3956D46DE8}") = "Kingo.TestEngine", "Kingo.TestEngine", "{AE117D11-835D-4EF4-8A81-CFCF5B13F9BB}"
EndProject
Project("{2150E333-8FDC-42A3-9474-1A3956D46DE8}") = "Kingo.Constraints", "Kingo.Constraints", "{30BEFFD2-9C0B-4211-99D6-2CE48287431D}"
EndProject
Project("{FAE04EC0-301F-11D3-BF4B-00C04F79EFBC}") = "02.Kingo.Constraints", "Kingo.Constraints\02.Kingo.Constraints.csproj", "{6A3B9CDA-3FE1-4967-99FA-03F98687693A}"
EndProject
Project("{FAE04EC0-301F-11D3-BF4B-00C04F79EFBC}") = "01.Kingo.Constraints.Tests", "Kingo.Constraints.Tests\01.Kingo.Constraints.Tests.csproj", "{07267396-60FD-4EB9-9F23-D787AF91A0F4}"
EndProject
Global
	GlobalSection(SolutionConfigurationPlatforms) = preSolution
		Debug|Any CPU = Debug|Any CPU
		Release|Any CPU = Release|Any CPU
	EndGlobalSection
	GlobalSection(ProjectConfigurationPlatforms) = postSolution
		{4FE972F0-2046-4039-9461-45D0B7E6229F}.Debug|Any CPU.ActiveCfg = Debug|Any CPU
		{4FE972F0-2046-4039-9461-45D0B7E6229F}.Release|Any CPU.ActiveCfg = Release|Any CPU
		{4FE972F0-2046-4039-9461-45D0B7E6229F}.Release|Any CPU.Build.0 = Release|Any CPU
		{FA31C09F-6319-484B-96EC-88BF3C3FDB81}.Debug|Any CPU.ActiveCfg = Debug|Any CPU
		{FA31C09F-6319-484B-96EC-88BF3C3FDB81}.Release|Any CPU.ActiveCfg = Release|Any CPU
		{FA31C09F-6319-484B-96EC-88BF3C3FDB81}.Release|Any CPU.Build.0 = Release|Any CPU
		{303380DB-4167-4BB0-8B78-63C959B65C4B}.Debug|Any CPU.ActiveCfg = Debug|Any CPU
		{303380DB-4167-4BB0-8B78-63C959B65C4B}.Release|Any CPU.ActiveCfg = Release|Any CPU
		{303380DB-4167-4BB0-8B78-63C959B65C4B}.Release|Any CPU.Build.0 = Release|Any CPU
		{757D77D3-7B32-4F21-9617-88274D50B517}.Debug|Any CPU.ActiveCfg = Debug|Any CPU
		{757D77D3-7B32-4F21-9617-88274D50B517}.Release|Any CPU.ActiveCfg = Release|Any CPU
		{757D77D3-7B32-4F21-9617-88274D50B517}.Release|Any CPU.Build.0 = Release|Any CPU
		{9697EACA-8E8F-451B-AE46-CF081559E0ED}.Debug|Any CPU.ActiveCfg = Debug|Any CPU
		{9697EACA-8E8F-451B-AE46-CF081559E0ED}.Debug|Any CPU.Build.0 = Debug|Any CPU
		{9697EACA-8E8F-451B-AE46-CF081559E0ED}.Release|Any CPU.ActiveCfg = Release|Any CPU
		{9697EACA-8E8F-451B-AE46-CF081559E0ED}.Release|Any CPU.Build.0 = Release|Any CPU
		{C2F7D41B-E748-4EC4-8AD4-0A7E25D7CDC0}.Debug|Any CPU.ActiveCfg = Debug|Any CPU
		{C2F7D41B-E748-4EC4-8AD4-0A7E25D7CDC0}.Debug|Any CPU.Build.0 = Debug|Any CPU
		{C2F7D41B-E748-4EC4-8AD4-0A7E25D7CDC0}.Release|Any CPU.ActiveCfg = Release|Any CPU
		{C2F7D41B-E748-4EC4-8AD4-0A7E25D7CDC0}.Release|Any CPU.Build.0 = Release|Any CPU
		{6A3B9CDA-3FE1-4967-99FA-03F98687693A}.Debug|Any CPU.ActiveCfg = Debug|Any CPU
		{6A3B9CDA-3FE1-4967-99FA-03F98687693A}.Debug|Any CPU.Build.0 = Debug|Any CPU
		{6A3B9CDA-3FE1-4967-99FA-03F98687693A}.Release|Any CPU.ActiveCfg = Release|Any CPU
		{6A3B9CDA-3FE1-4967-99FA-03F98687693A}.Release|Any CPU.Build.0 = Release|Any CPU
		{07267396-60FD-4EB9-9F23-D787AF91A0F4}.Debug|Any CPU.ActiveCfg = Debug|Any CPU
		{07267396-60FD-4EB9-9F23-D787AF91A0F4}.Debug|Any CPU.Build.0 = Debug|Any CPU
		{07267396-60FD-4EB9-9F23-D787AF91A0F4}.Release|Any CPU.ActiveCfg = Release|Any CPU
		{07267396-60FD-4EB9-9F23-D787AF91A0F4}.Release|Any CPU.Build.0 = Release|Any CPU
	EndGlobalSection
	GlobalSection(SolutionProperties) = preSolution
		HideSolutionNode = FALSE
	EndGlobalSection
	GlobalSection(NestedProjects) = preSolution
		{4FE972F0-2046-4039-9461-45D0B7E6229F} = {AE117D11-835D-4EF4-8A81-CFCF5B13F9BB}
		{FA31C09F-6319-484B-96EC-88BF3C3FDB81} = {AE117D11-835D-4EF4-8A81-CFCF5B13F9BB}
		{303380DB-4167-4BB0-8B78-63C959B65C4B} = {72205C90-C23B-4086-8580-050201371032}
		{757D77D3-7B32-4F21-9617-88274D50B517} = {72205C90-C23B-4086-8580-050201371032}
		{9697EACA-8E8F-451B-AE46-CF081559E0ED} = {9A9694D3-C449-4492-B7EF-9AD0E3E8034C}
		{C2F7D41B-E748-4EC4-8AD4-0A7E25D7CDC0} = {9A9694D3-C449-4492-B7EF-9AD0E3E8034C}
		{6A3B9CDA-3FE1-4967-99FA-03F98687693A} = {30BEFFD2-9C0B-4211-99D6-2CE48287431D}
		{07267396-60FD-4EB9-9F23-D787AF91A0F4} = {30BEFFD2-9C0B-4211-99D6-2CE48287431D}
	EndGlobalSection
	GlobalSection(ExtensibilityGlobals) = postSolution
		EnterpriseLibraryConfigurationToolBinariesPath = packages\Unity.2.1.505.2\lib\NET35;packages\Unity.2.1.505.0\lib\NET35
	EndGlobalSection
	GlobalSection(TestsCaseManagementSettings) = postSolution
		CategoryFile = YellowFlare.Cqrs.vsmdi
	EndGlobalSection
EndGlobal
