
Microsoft Visual Studio Solution File, Format Version 12.00
# Visual Studio 15
VisualStudioVersion = 15.0.26403.3
MinimumVisualStudioVersion = 10.0.40219.1
Project("{2150E333-8FDC-42A3-9474-1A3956D46DE8}") = "Solution Items", "Solution Items", "{002BBBBE-42B2-4618-B560-509798888BE6}"
	ProjectSection(SolutionItems) = preProject
		AssemblyInfo.solution.cs = AssemblyInfo.solution.cs
		BuildNuGetPackage.bat = BuildNuGetPackage.bat
		Kingo.snk = Kingo.snk
	EndProjectSection
EndProject
Project("{2150E333-8FDC-42A3-9474-1A3956D46DE8}") = "Kingo.MicroServices", "Kingo.MicroServices", "{56143727-5946-49BD-8FFC-9BFDCFA345F0}"
EndProject
Project("{2150E333-8FDC-42A3-9474-1A3956D46DE8}") = "Kingo.MicroServices.TestEngine", "Kingo.MicroServices.TestEngine", "{79712E74-AD85-4236-A12E-82A5E9B65264}"
EndProject
Project("{9A19103F-16F7-4668-BE54-9A1E7A4F7556}") = "02.Kingo.MicroServices", "Kingo.MicroServices\02.Kingo.MicroServices.csproj", "{38B8F361-1B74-4BA5-890F-A2202C9CEA87}"
EndProject
Project("{9A19103F-16F7-4668-BE54-9A1E7A4F7556}") = "01.Kingo.MicroServices.Tests", "Kingo.MicroServices.Tests\01.Kingo.MicroServices.Tests.csproj", "{2F6CCD7E-59F5-46CA-BFE4-268386EF3F9D}"
EndProject
Project("{9A19103F-16F7-4668-BE54-9A1E7A4F7556}") = "02.Kingo.MicroServices.TestEngine", "Kingo.MicroServices.TestEngine\02.Kingo.MicroServices.TestEngine.csproj", "{E9203EC0-DEDF-4804-8F41-849AB36D8E20}"
EndProject
Project("{9A19103F-16F7-4668-BE54-9A1E7A4F7556}") = "01.Kingo.MicroServices.TestEngine.Tests", "Kingo.MicroServices.TestEngine.Tests\01.Kingo.MicroServices.TestEngine.Tests.csproj", "{C8003300-58B0-43FA-BA62-4E11EACFAD99}"
EndProject
Global
	GlobalSection(SolutionConfigurationPlatforms) = preSolution
		Debug|Any CPU = Debug|Any CPU
		Release|Any CPU = Release|Any CPU
	EndGlobalSection
	GlobalSection(ProjectConfigurationPlatforms) = postSolution
		{38B8F361-1B74-4BA5-890F-A2202C9CEA87}.Debug|Any CPU.ActiveCfg = Debug|Any CPU
		{38B8F361-1B74-4BA5-890F-A2202C9CEA87}.Debug|Any CPU.Build.0 = Debug|Any CPU
		{38B8F361-1B74-4BA5-890F-A2202C9CEA87}.Release|Any CPU.ActiveCfg = Release|Any CPU
		{38B8F361-1B74-4BA5-890F-A2202C9CEA87}.Release|Any CPU.Build.0 = Release|Any CPU
		{2F6CCD7E-59F5-46CA-BFE4-268386EF3F9D}.Debug|Any CPU.ActiveCfg = Debug|Any CPU
		{2F6CCD7E-59F5-46CA-BFE4-268386EF3F9D}.Debug|Any CPU.Build.0 = Debug|Any CPU
		{2F6CCD7E-59F5-46CA-BFE4-268386EF3F9D}.Release|Any CPU.ActiveCfg = Release|Any CPU
		{2F6CCD7E-59F5-46CA-BFE4-268386EF3F9D}.Release|Any CPU.Build.0 = Release|Any CPU
		{E9203EC0-DEDF-4804-8F41-849AB36D8E20}.Debug|Any CPU.ActiveCfg = Debug|Any CPU
		{E9203EC0-DEDF-4804-8F41-849AB36D8E20}.Debug|Any CPU.Build.0 = Debug|Any CPU
		{E9203EC0-DEDF-4804-8F41-849AB36D8E20}.Release|Any CPU.ActiveCfg = Release|Any CPU
		{E9203EC0-DEDF-4804-8F41-849AB36D8E20}.Release|Any CPU.Build.0 = Release|Any CPU
		{C8003300-58B0-43FA-BA62-4E11EACFAD99}.Debug|Any CPU.ActiveCfg = Debug|Any CPU
		{C8003300-58B0-43FA-BA62-4E11EACFAD99}.Debug|Any CPU.Build.0 = Debug|Any CPU
		{C8003300-58B0-43FA-BA62-4E11EACFAD99}.Release|Any CPU.ActiveCfg = Release|Any CPU
		{C8003300-58B0-43FA-BA62-4E11EACFAD99}.Release|Any CPU.Build.0 = Release|Any CPU
	EndGlobalSection
	GlobalSection(SolutionProperties) = preSolution
		HideSolutionNode = FALSE
	EndGlobalSection
	GlobalSection(NestedProjects) = preSolution
		{38B8F361-1B74-4BA5-890F-A2202C9CEA87} = {56143727-5946-49BD-8FFC-9BFDCFA345F0}
		{2F6CCD7E-59F5-46CA-BFE4-268386EF3F9D} = {56143727-5946-49BD-8FFC-9BFDCFA345F0}
		{E9203EC0-DEDF-4804-8F41-849AB36D8E20} = {79712E74-AD85-4236-A12E-82A5E9B65264}
		{C8003300-58B0-43FA-BA62-4E11EACFAD99} = {79712E74-AD85-4236-A12E-82A5E9B65264}
	EndGlobalSection
	GlobalSection(ExtensibilityGlobals) = postSolution
		SolutionGuid = {D10A8C2E-B769-4234-9B6C-570DA059994A}
		EnterpriseLibraryConfigurationToolBinariesPath = packages\Unity.2.1.505.2\lib\NET35;packages\Unity.2.1.505.0\lib\NET35
	EndGlobalSection
	GlobalSection(TestsCaseManagementSettings) = postSolution
		CategoryFile = YellowFlare.Cqrs.vsmdi
	EndGlobalSection
EndGlobal
