
Microsoft Visual Studio Solution File, Format Version 12.00
# Visual Studio Version 16
VisualStudioVersion = 16.0.29001.49
MinimumVisualStudioVersion = 10.0.40219.1
Project("{2150E333-8FDC-42A3-9474-1A3956D46DE8}") = "Solution Items", "Solution Items", "{002BBBBE-42B2-4618-B560-509798888BE6}"
	ProjectSection(SolutionItems) = preProject
		AssemblyInfo.solution.cs = AssemblyInfo.solution.cs
		Directory.Build.props = Directory.Build.props
		Kingo.snk = Kingo.snk
	EndProjectSection
EndProject
Project("{2150E333-8FDC-42A3-9474-1A3956D46DE8}") = "Server.Implementation", "Server.Implementation", "{56143727-5946-49BD-8FFC-9BFDCFA345F0}"
EndProject
Project("{9A19103F-16F7-4668-BE54-9A1E7A4F7556}") = "03.Implementation", "MicroServices.Implementation\03.Implementation.csproj", "{38B8F361-1B74-4BA5-890F-A2202C9CEA87}"
EndProject
Project("{9A19103F-16F7-4668-BE54-9A1E7A4F7556}") = "01.Implementation.Tests", "MicroServices.Implementation.Tests\01.Implementation.Tests.csproj", "{2F6CCD7E-59F5-46CA-BFE4-268386EF3F9D}"
EndProject
Project("{9A19103F-16F7-4668-BE54-9A1E7A4F7556}") = "02.Implementation.TestEngine", "MicroServices.Implementation.TestEngine\02.Implementation.TestEngine.csproj", "{E9203EC0-DEDF-4804-8F41-849AB36D8E20}"
EndProject
Project("{9A19103F-16F7-4668-BE54-9A1E7A4F7556}") = "02.Contract.TestEngine", "MicroServices.Contract.TestEngine\02.Contract.TestEngine.csproj", "{DC112CD6-A54D-4945-9AE7-5C82383C27DB}"
EndProject
Project("{2150E333-8FDC-42A3-9474-1A3956D46DE8}") = "Server.Contract", "Server.Contract", "{393F0D54-9375-487A-B30D-8DE9DB36C0EB}"
EndProject
Project("{9A19103F-16F7-4668-BE54-9A1E7A4F7556}") = "03.Contract", "MicroServices.Contract.\03.Contract.csproj", "{6733306D-266E-41A6-9E92-371AF84E6ECD}"
EndProject
Project("{9A19103F-16F7-4668-BE54-9A1E7A4F7556}") = "01.Contract.Tests", "MicroServices.Contract.Tests\01.Contract.Tests.csproj", "{24AFDD0B-F9E5-4C88-9FB5-0D6EDE2B93E9}"
EndProject
Global
	GlobalSection(SolutionConfigurationPlatforms) = preSolution
		Debug|Any CPU = Debug|Any CPU
		Release|Any CPU = Release|Any CPU
	EndGlobalSection
	GlobalSection(ProjectConfigurationPlatforms) = postSolution
		{38B8F361-1B74-4BA5-890F-A2202C9CEA87}.Debug|Any CPU.ActiveCfg = Debug|Any CPU
		{38B8F361-1B74-4BA5-890F-A2202C9CEA87}.Debug|Any CPU.Build.0 = Debug|Any CPU
		{38B8F361-1B74-4BA5-890F-A2202C9CEA87}.Release|Any CPU.ActiveCfg = Release|Any CPU
		{38B8F361-1B74-4BA5-890F-A2202C9CEA87}.Release|Any CPU.Build.0 = Release|Any CPU
		{2F6CCD7E-59F5-46CA-BFE4-268386EF3F9D}.Debug|Any CPU.ActiveCfg = Debug|Any CPU
		{2F6CCD7E-59F5-46CA-BFE4-268386EF3F9D}.Debug|Any CPU.Build.0 = Debug|Any CPU
		{2F6CCD7E-59F5-46CA-BFE4-268386EF3F9D}.Release|Any CPU.ActiveCfg = Release|Any CPU
		{2F6CCD7E-59F5-46CA-BFE4-268386EF3F9D}.Release|Any CPU.Build.0 = Release|Any CPU
		{E9203EC0-DEDF-4804-8F41-849AB36D8E20}.Debug|Any CPU.ActiveCfg = Debug|Any CPU
		{E9203EC0-DEDF-4804-8F41-849AB36D8E20}.Debug|Any CPU.Build.0 = Debug|Any CPU
		{E9203EC0-DEDF-4804-8F41-849AB36D8E20}.Release|Any CPU.ActiveCfg = Release|Any CPU
		{E9203EC0-DEDF-4804-8F41-849AB36D8E20}.Release|Any CPU.Build.0 = Release|Any CPU
		{DC112CD6-A54D-4945-9AE7-5C82383C27DB}.Debug|Any CPU.ActiveCfg = Debug|Any CPU
		{DC112CD6-A54D-4945-9AE7-5C82383C27DB}.Debug|Any CPU.Build.0 = Debug|Any CPU
		{DC112CD6-A54D-4945-9AE7-5C82383C27DB}.Release|Any CPU.ActiveCfg = Release|Any CPU
		{DC112CD6-A54D-4945-9AE7-5C82383C27DB}.Release|Any CPU.Build.0 = Release|Any CPU
		{6733306D-266E-41A6-9E92-371AF84E6ECD}.Debug|Any CPU.ActiveCfg = Debug|Any CPU
		{6733306D-266E-41A6-9E92-371AF84E6ECD}.Debug|Any CPU.Build.0 = Debug|Any CPU
		{6733306D-266E-41A6-9E92-371AF84E6ECD}.Release|Any CPU.ActiveCfg = Release|Any CPU
		{6733306D-266E-41A6-9E92-371AF84E6ECD}.Release|Any CPU.Build.0 = Release|Any CPU
		{24AFDD0B-F9E5-4C88-9FB5-0D6EDE2B93E9}.Debug|Any CPU.ActiveCfg = Debug|Any CPU
		{24AFDD0B-F9E5-4C88-9FB5-0D6EDE2B93E9}.Debug|Any CPU.Build.0 = Debug|Any CPU
		{24AFDD0B-F9E5-4C88-9FB5-0D6EDE2B93E9}.Release|Any CPU.ActiveCfg = Release|Any CPU
		{24AFDD0B-F9E5-4C88-9FB5-0D6EDE2B93E9}.Release|Any CPU.Build.0 = Release|Any CPU
	EndGlobalSection
	GlobalSection(SolutionProperties) = preSolution
		HideSolutionNode = FALSE
	EndGlobalSection
	GlobalSection(NestedProjects) = preSolution
		{38B8F361-1B74-4BA5-890F-A2202C9CEA87} = {56143727-5946-49BD-8FFC-9BFDCFA345F0}
		{2F6CCD7E-59F5-46CA-BFE4-268386EF3F9D} = {56143727-5946-49BD-8FFC-9BFDCFA345F0}
		{E9203EC0-DEDF-4804-8F41-849AB36D8E20} = {56143727-5946-49BD-8FFC-9BFDCFA345F0}
		{DC112CD6-A54D-4945-9AE7-5C82383C27DB} = {393F0D54-9375-487A-B30D-8DE9DB36C0EB}
		{6733306D-266E-41A6-9E92-371AF84E6ECD} = {393F0D54-9375-487A-B30D-8DE9DB36C0EB}
		{24AFDD0B-F9E5-4C88-9FB5-0D6EDE2B93E9} = {393F0D54-9375-487A-B30D-8DE9DB36C0EB}
	EndGlobalSection
	GlobalSection(ExtensibilityGlobals) = postSolution
		SolutionGuid = {D10A8C2E-B769-4234-9B6C-570DA059994A}
	EndGlobalSection
EndGlobal
