
Microsoft Visual Studio Solution File, Format Version 12.00
# Visual Studio Version 16
VisualStudioVersion = 16.0.29001.49
MinimumVisualStudioVersion = 10.0.40219.1
Project("{2150E333-8FDC-42A3-9474-1A3956D46DE8}") = "Solution Items", "Solution Items", "{002BBBBE-42B2-4618-B560-509798888BE6}"
	ProjectSection(SolutionItems) = preProject
		AssemblyInfo.solution.cs = AssemblyInfo.solution.cs
		Directory.Build.props = Directory.Build.props
		Kingo.snk = Kingo.snk
	EndProjectSection
EndProject
Project("{2150E333-8FDC-42A3-9474-1A3956D46DE8}") = "Implementation", "Implementation", "{56143727-5946-49BD-8FFC-9BFDCFA345F0}"
EndProject
Project("{9A19103F-16F7-4668-BE54-9A1E7A4F7556}") = "03.Implementation", "MicroServices.Implementation\03.Implementation.csproj", "{38B8F361-1B74-4BA5-890F-A2202C9CEA87}"
EndProject
Project("{9A19103F-16F7-4668-BE54-9A1E7A4F7556}") = "01.Implementation.Tests", "MicroServices.Implementation.Tests\01.Implementation.Tests.csproj", "{2F6CCD7E-59F5-46CA-BFE4-268386EF3F9D}"
EndProject
Project("{9A19103F-16F7-4668-BE54-9A1E7A4F7556}") = "02.Implementation.TestEngine", "MicroServices.Implementation.TestEngine\02.Implementation.TestEngine.csproj", "{E9203EC0-DEDF-4804-8F41-849AB36D8E20}"
EndProject
Project("{2150E333-8FDC-42A3-9474-1A3956D46DE8}") = "Contract", "Contract", "{FC29461B-E6CB-47E7-99D1-B72DD66B0E43}"
EndProject
Project("{2150E333-8FDC-42A3-9474-1A3956D46DE8}") = "Controllers", "Controllers", "{4BB549CA-BD75-4F02-8ACC-8FB6C4F9A38C}"
EndProject
Project("{2150E333-8FDC-42A3-9474-1A3956D46DE8}") = "DataAccess", "DataAccess", "{BE8D0BBC-36AA-4F00-94AA-AAFF950C8CAD}"
EndProject
Project("{2150E333-8FDC-42A3-9474-1A3956D46DE8}") = "Logic", "Logic", "{88B6D91B-6E72-4957-8EFD-710B56518CE2}"
EndProject
Project("{9A19103F-16F7-4668-BE54-9A1E7A4F7556}") = "01.Contract.Tests", "MicroServices.Contract.Tests\01.Contract.Tests.csproj", "{9102A1F2-4356-4C92-8AA8-37AF9C873664}"
EndProject
Project("{9A19103F-16F7-4668-BE54-9A1E7A4F7556}") = "02.Contract.Api.TestEngine", "MicroServices.Contract.Api.TestEngine\02.Contract.Api.TestEngine.csproj", "{DC112CD6-A54D-4945-9AE7-5C82383C27DB}"
EndProject
Project("{9A19103F-16F7-4668-BE54-9A1E7A4F7556}") = "03.Contract.Api", "MicroServices.Contract.Api\03.Contract.Api.csproj", "{3E782C63-4AD8-47B2-AFFF-8F354B6FBA84}"
EndProject
Project("{2150E333-8FDC-42A3-9474-1A3956D46DE8}") = "SharedKernel", "SharedKernel", "{393F0D54-9375-487A-B30D-8DE9DB36C0EB}"
EndProject
Project("{9A19103F-16F7-4668-BE54-9A1E7A4F7556}") = "02.SharedKernel", "MicroServices\02.SharedKernel.csproj", "{6733306D-266E-41A6-9E92-371AF84E6ECD}"
EndProject
Project("{9A19103F-16F7-4668-BE54-9A1E7A4F7556}") = "01.SharedKernel.Tests", "MicroServices.Tests\01.SharedKernel.Tests.csproj", "{24AFDD0B-F9E5-4C88-9FB5-0D6EDE2B93E9}"
EndProject
Project("{9A19103F-16F7-4668-BE54-9A1E7A4F7556}") = "04.Contract.ServiceBus", "MicroServices.Contract.ServiceBus\04.Contract.ServiceBus.csproj", "{BB17F6EC-A63B-4A33-A4CA-0A03E441B35C}"
EndProject
Project("{9A19103F-16F7-4668-BE54-9A1E7A4F7556}") = "03.Controllers.ServiceBus", "MicroServices.Implementation.Controllers.ServiceBus\03.Controllers.ServiceBus.csproj", "{96E74DB4-B102-4384-AC1C-263DF62C10C2}"
EndProject
Project("{9A19103F-16F7-4668-BE54-9A1E7A4F7556}") = "01.Controllers.Tests", "MicroServices.Implementation.Controllers.Tests\01.Controllers.Tests.csproj", "{9B91B3F6-BF0E-4294-862F-8DFF49DB7AA4}"
EndProject
Global
	GlobalSection(SolutionConfigurationPlatforms) = preSolution
		Debug|Any CPU = Debug|Any CPU
		Release|Any CPU = Release|Any CPU
	EndGlobalSection
	GlobalSection(ProjectConfigurationPlatforms) = postSolution
		{38B8F361-1B74-4BA5-890F-A2202C9CEA87}.Debug|Any CPU.ActiveCfg = Debug|Any CPU
		{38B8F361-1B74-4BA5-890F-A2202C9CEA87}.Debug|Any CPU.Build.0 = Debug|Any CPU
		{38B8F361-1B74-4BA5-890F-A2202C9CEA87}.Release|Any CPU.ActiveCfg = Release|Any CPU
		{38B8F361-1B74-4BA5-890F-A2202C9CEA87}.Release|Any CPU.Build.0 = Release|Any CPU
		{2F6CCD7E-59F5-46CA-BFE4-268386EF3F9D}.Debug|Any CPU.ActiveCfg = Debug|Any CPU
		{2F6CCD7E-59F5-46CA-BFE4-268386EF3F9D}.Debug|Any CPU.Build.0 = Debug|Any CPU
		{2F6CCD7E-59F5-46CA-BFE4-268386EF3F9D}.Release|Any CPU.ActiveCfg = Release|Any CPU
		{2F6CCD7E-59F5-46CA-BFE4-268386EF3F9D}.Release|Any CPU.Build.0 = Release|Any CPU
		{E9203EC0-DEDF-4804-8F41-849AB36D8E20}.Debug|Any CPU.ActiveCfg = Debug|Any CPU
		{E9203EC0-DEDF-4804-8F41-849AB36D8E20}.Debug|Any CPU.Build.0 = Debug|Any CPU
		{E9203EC0-DEDF-4804-8F41-849AB36D8E20}.Release|Any CPU.ActiveCfg = Release|Any CPU
		{E9203EC0-DEDF-4804-8F41-849AB36D8E20}.Release|Any CPU.Build.0 = Release|Any CPU
		{9102A1F2-4356-4C92-8AA8-37AF9C873664}.Debug|Any CPU.ActiveCfg = Debug|Any CPU
		{9102A1F2-4356-4C92-8AA8-37AF9C873664}.Debug|Any CPU.Build.0 = Debug|Any CPU
		{9102A1F2-4356-4C92-8AA8-37AF9C873664}.Release|Any CPU.ActiveCfg = Release|Any CPU
		{9102A1F2-4356-4C92-8AA8-37AF9C873664}.Release|Any CPU.Build.0 = Release|Any CPU
		{DC112CD6-A54D-4945-9AE7-5C82383C27DB}.Debug|Any CPU.ActiveCfg = Debug|Any CPU
		{DC112CD6-A54D-4945-9AE7-5C82383C27DB}.Debug|Any CPU.Build.0 = Debug|Any CPU
		{DC112CD6-A54D-4945-9AE7-5C82383C27DB}.Release|Any CPU.ActiveCfg = Release|Any CPU
		{DC112CD6-A54D-4945-9AE7-5C82383C27DB}.Release|Any CPU.Build.0 = Release|Any CPU
		{3E782C63-4AD8-47B2-AFFF-8F354B6FBA84}.Debug|Any CPU.ActiveCfg = Debug|Any CPU
		{3E782C63-4AD8-47B2-AFFF-8F354B6FBA84}.Debug|Any CPU.Build.0 = Debug|Any CPU
		{3E782C63-4AD8-47B2-AFFF-8F354B6FBA84}.Release|Any CPU.ActiveCfg = Release|Any CPU
		{3E782C63-4AD8-47B2-AFFF-8F354B6FBA84}.Release|Any CPU.Build.0 = Release|Any CPU
		{6733306D-266E-41A6-9E92-371AF84E6ECD}.Debug|Any CPU.ActiveCfg = Debug|Any CPU
		{6733306D-266E-41A6-9E92-371AF84E6ECD}.Debug|Any CPU.Build.0 = Debug|Any CPU
		{6733306D-266E-41A6-9E92-371AF84E6ECD}.Release|Any CPU.ActiveCfg = Release|Any CPU
		{6733306D-266E-41A6-9E92-371AF84E6ECD}.Release|Any CPU.Build.0 = Release|Any CPU
		{24AFDD0B-F9E5-4C88-9FB5-0D6EDE2B93E9}.Debug|Any CPU.ActiveCfg = Debug|Any CPU
		{24AFDD0B-F9E5-4C88-9FB5-0D6EDE2B93E9}.Debug|Any CPU.Build.0 = Debug|Any CPU
		{24AFDD0B-F9E5-4C88-9FB5-0D6EDE2B93E9}.Release|Any CPU.ActiveCfg = Release|Any CPU
		{24AFDD0B-F9E5-4C88-9FB5-0D6EDE2B93E9}.Release|Any CPU.Build.0 = Release|Any CPU
		{BB17F6EC-A63B-4A33-A4CA-0A03E441B35C}.Debug|Any CPU.ActiveCfg = Debug|Any CPU
		{BB17F6EC-A63B-4A33-A4CA-0A03E441B35C}.Debug|Any CPU.Build.0 = Debug|Any CPU
		{BB17F6EC-A63B-4A33-A4CA-0A03E441B35C}.Release|Any CPU.ActiveCfg = Release|Any CPU
		{BB17F6EC-A63B-4A33-A4CA-0A03E441B35C}.Release|Any CPU.Build.0 = Release|Any CPU
		{96E74DB4-B102-4384-AC1C-263DF62C10C2}.Debug|Any CPU.ActiveCfg = Debug|Any CPU
		{96E74DB4-B102-4384-AC1C-263DF62C10C2}.Debug|Any CPU.Build.0 = Debug|Any CPU
		{96E74DB4-B102-4384-AC1C-263DF62C10C2}.Release|Any CPU.ActiveCfg = Release|Any CPU
		{96E74DB4-B102-4384-AC1C-263DF62C10C2}.Release|Any CPU.Build.0 = Release|Any CPU
		{9B91B3F6-BF0E-4294-862F-8DFF49DB7AA4}.Debug|Any CPU.ActiveCfg = Debug|Any CPU
		{9B91B3F6-BF0E-4294-862F-8DFF49DB7AA4}.Debug|Any CPU.Build.0 = Debug|Any CPU
		{9B91B3F6-BF0E-4294-862F-8DFF49DB7AA4}.Release|Any CPU.ActiveCfg = Release|Any CPU
		{9B91B3F6-BF0E-4294-862F-8DFF49DB7AA4}.Release|Any CPU.Build.0 = Release|Any CPU
	EndGlobalSection
	GlobalSection(SolutionProperties) = preSolution
		HideSolutionNode = FALSE
	EndGlobalSection
	GlobalSection(NestedProjects) = preSolution
		{38B8F361-1B74-4BA5-890F-A2202C9CEA87} = {56143727-5946-49BD-8FFC-9BFDCFA345F0}
		{2F6CCD7E-59F5-46CA-BFE4-268386EF3F9D} = {56143727-5946-49BD-8FFC-9BFDCFA345F0}
		{E9203EC0-DEDF-4804-8F41-849AB36D8E20} = {56143727-5946-49BD-8FFC-9BFDCFA345F0}
		{4BB549CA-BD75-4F02-8ACC-8FB6C4F9A38C} = {56143727-5946-49BD-8FFC-9BFDCFA345F0}
		{BE8D0BBC-36AA-4F00-94AA-AAFF950C8CAD} = {56143727-5946-49BD-8FFC-9BFDCFA345F0}
		{88B6D91B-6E72-4957-8EFD-710B56518CE2} = {56143727-5946-49BD-8FFC-9BFDCFA345F0}
		{9102A1F2-4356-4C92-8AA8-37AF9C873664} = {FC29461B-E6CB-47E7-99D1-B72DD66B0E43}
		{DC112CD6-A54D-4945-9AE7-5C82383C27DB} = {FC29461B-E6CB-47E7-99D1-B72DD66B0E43}
		{3E782C63-4AD8-47B2-AFFF-8F354B6FBA84} = {FC29461B-E6CB-47E7-99D1-B72DD66B0E43}
		{6733306D-266E-41A6-9E92-371AF84E6ECD} = {393F0D54-9375-487A-B30D-8DE9DB36C0EB}
		{24AFDD0B-F9E5-4C88-9FB5-0D6EDE2B93E9} = {393F0D54-9375-487A-B30D-8DE9DB36C0EB}
		{BB17F6EC-A63B-4A33-A4CA-0A03E441B35C} = {FC29461B-E6CB-47E7-99D1-B72DD66B0E43}
		{96E74DB4-B102-4384-AC1C-263DF62C10C2} = {4BB549CA-BD75-4F02-8ACC-8FB6C4F9A38C}
		{9B91B3F6-BF0E-4294-862F-8DFF49DB7AA4} = {4BB549CA-BD75-4F02-8ACC-8FB6C4F9A38C}
	EndGlobalSection
	GlobalSection(ExtensibilityGlobals) = postSolution
		EnterpriseLibraryConfigurationToolBinariesPath = packages\Unity.2.1.505.2\lib\NET35;packages\Unity.2.1.505.0\lib\NET35
		SolutionGuid = {D10A8C2E-B769-4234-9B6C-570DA059994A}
	EndGlobalSection
	GlobalSection(TestsCaseManagementSettings) = postSolution
		CategoryFile = YellowFlare.Cqrs.vsmdi
	EndGlobalSection
EndGlobal
